
Microsoft Visual Studio Solution File, Format Version 12.00
# Visual Studio Version 17
VisualStudioVersion = 17.13.35919.96 d17.13
MinimumVisualStudioVersion = 10.0.40219.1
Project("{FAE04EC0-301F-11D3-BF4B-00C04F79EFBC}") = "Labb2-ConsolePong", "Labb2-ConsolePong.csproj", "{1F323CAF-6998-4138-B0CE-249B9F009757}"
EndProject
Global
	GlobalSection(SolutionConfigurationPlatforms) = preSolution
		Debug|Any CPU = Debug|Any CPU
		Release|Any CPU = Release|Any CPU
	EndGlobalSection
	GlobalSection(ProjectConfigurationPlatforms) = postSolution
		{1F323CAF-6998-4138-B0CE-249B9F009757}.Debug|Any CPU.ActiveCfg = Debug|Any CPU
		{1F323CAF-6998-4138-B0CE-249B9F009757}.Debug|Any CPU.Build.0 = Debug|Any CPU
		{1F323CAF-6998-4138-B0CE-249B9F009757}.Release|Any CPU.ActiveCfg = Release|Any CPU
		{1F323CAF-6998-4138-B0CE-249B9F009757}.Release|Any CPU.Build.0 = Release|Any CPU
	EndGlobalSection
	GlobalSection(SolutionProperties) = preSolution
		HideSolutionNode = FALSE
	EndGlobalSection
	GlobalSection(ExtensibilityGlobals) = postSolution
		SolutionGuid = {E347736D-C3CB-4A74-9419-A5C156298CD7}
	EndGlobalSection
EndGlobal
